
Microsoft Visual Studio Solution File, Format Version 12.00
# Visual Studio 15
Project("{FAE04EC0-301F-11D3-BF4B-00C04F79EFBC}") = "Unity.Timeline", "Unity.Timeline.csproj", "{CC3D9A8D-0CE7-1239-938C-A0A828FCAE9F}"
EndProject
Project("{FAE04EC0-301F-11D3-BF4B-00C04F79EFBC}") = "Unity.RenderPipelines.GPUDriven.Runtime", "Unity.RenderPipelines.GPUDriven.Runtime.csproj", "{3B34E916-24C8-71C0-DA9F-29318939DB0C}"
EndProject
Project("{FAE04EC0-301F-11D3-BF4B-00C04F79EFBC}") = "Unity.PlasticSCM.Editor", "Unity.PlasticSCM.Editor.csproj", "{157E3486-F60A-CBAC-9D2A-0B826685EDF3}"
EndProject
Project("{FAE04EC0-301F-11D3-BF4B-00C04F79EFBC}") = "Unity.2D.Aseprite.Editor", "Unity.2D.Aseprite.Editor.csproj", "{C976801E-4232-D1C8-3E9C-527C34679547}"
EndProject
Project("{FAE04EC0-301F-11D3-BF4B-00C04F79EFBC}") = "Unity.ShaderGraph.Editor", "Unity.ShaderGraph.Editor.csproj", "{EB0BAFF9-6251-07F1-FCE7-8447317CA5B8}"
EndProject
Project("{FAE04EC0-301F-11D3-BF4B-00C04F79EFBC}") = "Unity.RenderPipelines.Core.Runtime", "Unity.RenderPipelines.Core.Runtime.csproj", "{78EE2F4B-654C-2048-FDAB-DE1F34F5A203}"
EndProject
Project("{FAE04EC0-301F-11D3-BF4B-00C04F79EFBC}") = "Unity.Mathematics", "Unity.Mathematics.csproj", "{3402CA26-D5B8-CC6D-5227-8F3D77FE3BFE}"
EndProject
Project("{FAE04EC0-301F-11D3-BF4B-00C04F79EFBC}") = "Unity.Timeline.Editor", "Unity.Timeline.Editor.csproj", "{FF380125-A4EA-F1D5-336F-8F4CFA05F697}"
EndProject
Project("{FAE04EC0-301F-11D3-BF4B-00C04F79EFBC}") = "Unity.Multiplayer.Center.Editor", "Unity.Multiplayer.Center.Editor.csproj", "{8071A09E-F10D-F74B-D557-B3AEF7487F0D}"
EndProject
Project("{FAE04EC0-301F-11D3-BF4B-00C04F79EFBC}") = "Unity.RenderPipelines.Core.Editor", "Unity.RenderPipelines.Core.Editor.csproj", "{5780A521-71BF-97B2-B20C-FDF9B9240209}"
EndProject
Project("{FAE04EC0-301F-11D3-BF4B-00C04F79EFBC}") = "Unity.Collections", "Unity.Collections.csproj", "{00FD69C9-352A-4B49-BCDB-95A490C2954B}"
EndProject
Project("{FAE04EC0-301F-11D3-BF4B-00C04F79EFBC}") = "UnityEngine.UI", "UnityEngine.UI.csproj", "{A7F39EE7-0FBE-3949-6F7F-D612DFC3AD09}"
EndProject
Project("{FAE04EC0-301F-11D3-BF4B-00C04F79EFBC}") = "Unity.2D.IK.Runtime", "Unity.2D.IK.Runtime.csproj", "{F771CE2E-F47B-764F-F3CF-089137C4657E}"
EndProject
Project("{FAE04EC0-301F-11D3-BF4B-00C04F79EFBC}") = "Unity.RenderPipelines.Universal.2D.Runtime", "Unity.RenderPipelines.Universal.2D.Runtime.csproj", "{3BBB76F9-198C-45AA-B4EA-7D4E33180508}"
EndProject
Project("{FAE04EC0-301F-11D3-BF4B-00C04F79EFBC}") = "Unity.2D.Psdimporter.Editor", "Unity.2D.Psdimporter.Editor.csproj", "{5A2783F5-0FAF-CA8D-AB32-00C8160344B2}"
EndProject
Project("{FAE04EC0-301F-11D3-BF4B-00C04F79EFBC}") = "Unity.VisualScripting.Core.Editor", "Unity.VisualScripting.Core.Editor.csproj", "{CB6763A0-191A-0318-02EC-CCBBFED9AC76}"
EndProject
Project("{FAE04EC0-301F-11D3-BF4B-00C04F79EFBC}") = "Unity.RenderPipelines.Universal.Editor", "Unity.RenderPipelines.Universal.Editor.csproj", "{754E97FA-B15D-583E-8A32-91C1D268C440}"
EndProject
Project("{FAE04EC0-301F-11D3-BF4B-00C04F79EFBC}") = "Unity.PerformanceTesting.Editor", "Unity.PerformanceTesting.Editor.csproj", "{CB6096F3-BBEA-D6E3-61A4-CD5ED9C7E124}"
EndProject
Project("{FAE04EC0-301F-11D3-BF4B-00C04F79EFBC}") = "UnityEngine.TestRunner", "UnityEngine.TestRunner.csproj", "{2939217D-A3F4-752F-843B-56500391393F}"
EndProject
Project("{FAE04EC0-301F-11D3-BF4B-00C04F79EFBC}") = "Unity.2D.Tilemap.Editor", "Unity.2D.Tilemap.Editor.csproj", "{1679FE4F-360D-016F-2F39-96BDFF033AC8}"
EndProject
Project("{FAE04EC0-301F-11D3-BF4B-00C04F79EFBC}") = "Unity.Burst", "Unity.Burst.csproj", "{98457799-0809-A45A-C169-A9E62F7647D8}"
EndProject
Project("{FAE04EC0-301F-11D3-BF4B-00C04F79EFBC}") = "Unity.VisualScripting.Flow.Editor", "Unity.VisualScripting.Flow.Editor.csproj", "{8E434303-8CC0-79A9-B15F-27812113A251}"
EndProject
Project("{FAE04EC0-301F-11D3-BF4B-00C04F79EFBC}") = "Unity.2D.SpriteShape.Editor", "Unity.2D.SpriteShape.Editor.csproj", "{1E4F7053-AA6C-D096-3871-81BD54941BFA}"
EndProject
Project("{FAE04EC0-301F-11D3-BF4B-00C04F79EFBC}") = "Unity.VisualStudio.Editor", "Unity.VisualStudio.Editor.csproj", "{E2FF2F62-CAB2-203B-8E54-44259E793412}"
EndProject
Project("{FAE04EC0-301F-11D3-BF4B-00C04F79EFBC}") = "Unity.InputSystem", "Unity.InputSystem.csproj", "{26EAEFD7-A63D-5311-3C1B-59CC75D468E3}"
EndProject
Project("{FAE04EC0-301F-11D3-BF4B-00C04F79EFBC}") = "PPv2URPConverters", "PPv2URPConverters.csproj", "{27F64A87-345E-4D48-4062-6B31CC1E8A0D}"
EndProject
Project("{FAE04EC0-301F-11D3-BF4B-00C04F79EFBC}") = "Unity.2D.Animation.Editor", "Unity.2D.Animation.Editor.csproj", "{20E6D22E-C2CA-4554-C528-A69DC858E929}"
EndProject
Project("{FAE04EC0-301F-11D3-BF4B-00C04F79EFBC}") = "Unity.Searcher.Editor", "Unity.Searcher.Editor.csproj", "{35337CE9-35D8-861E-64F0-CFC08FA904C5}"
EndProject
Project("{FAE04EC0-301F-11D3-BF4B-00C04F79EFBC}") = "Unity.2D.SpriteShape.Runtime", "Unity.2D.SpriteShape.Runtime.csproj", "{9FC65FF4-716F-CD4C-9A0A-90EE5B46DF34}"
EndProject
Project("{FAE04EC0-301F-11D3-BF4B-00C04F79EFBC}") = "UnityEditor.TestRunner", "UnityEditor.TestRunner.csproj", "{15F2206E-C5A9-7B39-6F5F-09DF926D9F35}"
EndProject
Project("{FAE04EC0-301F-11D3-BF4B-00C04F79EFBC}") = "Unity.VisualScripting.Core", "Unity.VisualScripting.Core.csproj", "{1568DC76-8BA1-C26E-EF28-F9A226BC349C}"
EndProject
Project("{FAE04EC0-301F-11D3-BF4B-00C04F79EFBC}") = "Unity.RenderPipelines.Universal.Runtime", "Unity.RenderPipelines.Universal.Runtime.csproj", "{F9ACE57B-AF15-47EB-0EF6-23FC38D98711}"
EndProject
Project("{FAE04EC0-301F-11D3-BF4B-00C04F79EFBC}") = "Unity.CollabProxy.Editor", "Unity.CollabProxy.Editor.csproj", "{2F653BB7-F56C-3530-946F-40F0F2E4CD5B}"
EndProject
Project("{FAE04EC0-301F-11D3-BF4B-00C04F79EFBC}") = "Unity.VisualScripting.State.Editor", "Unity.VisualScripting.State.Editor.csproj", "{9B3222BF-7E0E-6724-9D39-D35421D12738}"
EndProject
Project("{FAE04EC0-301F-11D3-BF4B-00C04F79EFBC}") = "Unity.Burst.CodeGen", "Unity.Burst.CodeGen.csproj", "{8BEFBCFA-9ACC-4A18-E840-BCAA78AC580A}"
EndProject
Project("{FAE04EC0-301F-11D3-BF4B-00C04F79EFBC}") = "Unity.VisualScripting.Flow", "Unity.VisualScripting.Flow.csproj", "{78ED0D0F-EC5D-32B9-1A51-81A0C3699ED6}"
EndProject
Project("{FAE04EC0-301F-11D3-BF4B-00C04F79EFBC}") = "Unity.PerformanceTesting", "Unity.PerformanceTesting.csproj", "{FB6B3BF5-E058-1D23-26EC-75213A42A08D}"
EndProject
Project("{FAE04EC0-301F-11D3-BF4B-00C04F79EFBC}") = "Unity.2D.Tilemap.Extras.Editor", "Unity.2D.Tilemap.Extras.Editor.csproj", "{28221ACF-14FE-3CA5-D573-5908871A7281}"
EndProject
Project("{FAE04EC0-301F-11D3-BF4B-00C04F79EFBC}") = "Unity.TextMeshPro", "Unity.TextMeshPro.csproj", "{BF6D81D0-4E19-53AE-2834-F69DE6075383}"
EndProject
Project("{FAE04EC0-301F-11D3-BF4B-00C04F79EFBC}") = "Unity.TextMeshPro.Editor", "Unity.TextMeshPro.Editor.csproj", "{5AC4CBF4-A454-E0E6-E7BA-79B59B944D56}"
EndProject
Project("{FAE04EC0-301F-11D3-BF4B-00C04F79EFBC}") = "Unity.Rendering.LightTransport.Runtime", "Unity.Rendering.LightTransport.Runtime.csproj", "{30F3A52C-1E94-8B39-444B-662DF6C6F795}"
EndProject
Project("{FAE04EC0-301F-11D3-BF4B-00C04F79EFBC}") = "PsdPlugin", "PsdPlugin.csproj", "{E4C2B04E-7CFE-9578-0203-34C815F085F3}"
EndProject
Project("{FAE04EC0-301F-11D3-BF4B-00C04F79EFBC}") = "Unity.2D.IK.Editor", "Unity.2D.IK.Editor.csproj", "{728601A4-1AC1-59CB-F1EA-14919842481F}"
EndProject
Project("{FAE04EC0-301F-11D3-BF4B-00C04F79EFBC}") = "Unity.InternalAPIEngineBridge.001", "Unity.InternalAPIEngineBridge.001.csproj", "{646DDE83-E2D5-8313-C7E5-8E088101C403}"
EndProject
Project("{FAE04EC0-301F-11D3-BF4B-00C04F79EFBC}") = "Unity.2D.Aseprite.Common", "Unity.2D.Aseprite.Common.csproj", "{B4B5F5DB-AC9D-76C3-A034-2B3D2F1AE49D}"
EndProject
Project("{FAE04EC0-301F-11D3-BF4B-00C04F79EFBC}") = "Unity.Burst.Editor", "Unity.Burst.Editor.csproj", "{AF9B6CE0-FCE4-52D5-CAAA-9D79A9E4086F}"
EndProject
Project("{FAE04EC0-301F-11D3-BF4B-00C04F79EFBC}") = "Unity.2D.Common.Path.Editor", "Unity.2D.Common.Path.Editor.csproj", "{FD81C218-D497-8A70-3AC4-51CFCDC697AF}"
EndProject
Project("{FAE04EC0-301F-11D3-BF4B-00C04F79EFBC}") = "Unity.2D.Common.Editor", "Unity.2D.Common.Editor.csproj", "{55FAF7DF-C4CE-C59B-3A71-6FAF2C5B7C1A}"
EndProject
Project("{FAE04EC0-301F-11D3-BF4B-00C04F79EFBC}") = "Unity.Rider.Editor", "Unity.Rider.Editor.csproj", "{E5854AE0-B52A-95F7-64BE-F8ABF850CB95}"
EndProject
Project("{FAE04EC0-301F-11D3-BF4B-00C04F79EFBC}") = "Unity.VisualScripting.State", "Unity.VisualScripting.State.csproj", "{16C4E24D-FC6A-D51C-CE32-755F1C2901D6}"
EndProject
Project("{FAE04EC0-301F-11D3-BF4B-00C04F79EFBC}") = "Unity.InternalAPIEditorBridge.001", "Unity.InternalAPIEditorBridge.001.csproj", "{B0524146-5A25-9D0F-1A84-84918922D77E}"
EndProject
Project("{FAE04EC0-301F-11D3-BF4B-00C04F79EFBC}") = "UnityEditor.UI", "UnityEditor.UI.csproj", "{2B81CD04-307D-5AFC-971A-90C2B4A364E2}"
EndProject
Project("{FAE04EC0-301F-11D3-BF4B-00C04F79EFBC}") = "Unity.2D.PixelPerfect.Editor", "Unity.2D.PixelPerfect.Editor.csproj", "{E87D3B53-CFF0-1DBB-59AB-38E256F2C455}"
EndProject
Project("{FAE04EC0-301F-11D3-BF4B-00C04F79EFBC}") = "Unity.2D.Sprite.Editor", "Unity.2D.Sprite.Editor.csproj", "{D86A48AF-9789-BFB2-73ED-52792DD64B8A}"
EndProject
Project("{FAE04EC0-301F-11D3-BF4B-00C04F79EFBC}") = "Unity.Multiplayer.Center.Common", "Unity.Multiplayer.Center.Common.csproj", "{CFA93A78-964C-E3AA-3F40-C18069E4E186}"
EndProject
Project("{FAE04EC0-301F-11D3-BF4B-00C04F79EFBC}") = "Unity.InputSystem.ForUI", "Unity.InputSystem.ForUI.csproj", "{2EF4D0E2-50AB-E265-7C2F-D84C9FE17FCC}"
EndProject
Project("{FAE04EC0-301F-11D3-BF4B-00C04F79EFBC}") = "Unity.Collections.CodeGen", "Unity.Collections.CodeGen.csproj", "{AA23A549-4DBB-A969-1EA9-AEB98C41A0A3}"
EndProject
Project("{FAE04EC0-301F-11D3-BF4B-00C04F79EFBC}") = "Unity.2D.Tilemap.Extras", "Unity.2D.Tilemap.Extras.csproj", "{F8FA7A0A-088E-50B4-46DD-29F10C10C6C7}"
EndProject
Project("{FAE04EC0-301F-11D3-BF4B-00C04F79EFBC}") = "Unity.2D.Animation.Runtime", "Unity.2D.Animation.Runtime.csproj", "{C4292947-26D2-4C60-3BED-38975BF5F5DD}"
EndProject
Project("{FAE04EC0-301F-11D3-BF4B-00C04F79EFBC}") = "Unity.Mathematics.Editor", "Unity.Mathematics.Editor.csproj", "{AAA77B1B-0BC9-5382-036A-788E06BB856D}"
EndProject
Project("{FAE04EC0-301F-11D3-BF4B-00C04F79EFBC}") = "Unity.VisualScripting.SettingsProvider.Editor", "Unity.VisualScripting.SettingsProvider.Editor.csproj", "{D15BF6E9-BC1E-F8BB-6033-FE09A6D91A41}"
EndProject
Project("{FAE04EC0-301F-11D3-BF4B-00C04F79EFBC}") = "Unity.InputSystem.TestFramework", "Unity.InputSystem.TestFramework.csproj", "{3B72BBAF-19F0-4A0F-6540-929F4783FA11}"
EndProject
Project("{FAE04EC0-301F-11D3-BF4B-00C04F79EFBC}") = "Unity.ShaderGraph.Utilities", "Unity.ShaderGraph.Utilities.csproj", "{DCDA8439-5FCD-29BF-0FD5-94304DD9AF7A}"
EndProject
Project("{FAE04EC0-301F-11D3-BF4B-00C04F79EFBC}") = "Unity.VisualScripting.Shared.Editor", "Unity.VisualScripting.Shared.Editor.csproj", "{CF96A41E-44E8-D600-3DD5-13AA2E9EF703}"
EndProject
Project("{FAE04EC0-301F-11D3-BF4B-00C04F79EFBC}") = "Assembly-CSharp", "Assembly-CSharp.csproj", "{B72B13C7-B886-B2B7-B219-FF940F7D5D59}"
EndProject
Project("{FAE04EC0-301F-11D3-BF4B-00C04F79EFBC}") = "Unity.RenderPipeline.Universal.ShaderLibrary", "Unity.RenderPipeline.Universal.ShaderLibrary.csproj", "{13D4D835-4651-0F0C-983B-83B1E577E9B2}"
EndProject
Project("{FAE04EC0-301F-11D3-BF4B-00C04F79EFBC}") = "Unity.2D.Common.Runtime", "Unity.2D.Common.Runtime.csproj", "{21E4325B-66B2-90D4-1D5B-7BD66FBE57C1}"
EndProject
Project("{FAE04EC0-301F-11D3-BF4B-00C04F79EFBC}") = "Unity.2D.PixelPerfect", "Unity.2D.PixelPerfect.csproj", "{F329C745-74F3-E490-006E-0CBBA7EF5D09}"
EndProject
Project("{FAE04EC0-301F-11D3-BF4B-00C04F79EFBC}") = "Unity.Rendering.LightTransport.Editor", "Unity.Rendering.LightTransport.Editor.csproj", "{55BBCBD5-D533-B39F-AE82-2394B384FF75}"
EndProject
Project("{FAE04EC0-301F-11D3-BF4B-00C04F79EFBC}") = "Unity.RenderPipelines.Universal.Shaders", "Unity.RenderPipelines.Universal.Shaders.csproj", "{E16B1E1F-5468-4B56-AB1A-ECFCA15F3F04}"
EndProject
Project("{FAE04EC0-301F-11D3-BF4B-00C04F79EFBC}") = "Unity.RenderPipelines.Core.Runtime.Shared", "Unity.RenderPipelines.Core.Runtime.Shared.csproj", "{100C21F3-CF25-EB5E-8E8A-A5C4DFB493AF}"
EndProject
Project("{FAE04EC0-301F-11D3-BF4B-00C04F79EFBC}") = "ScriptablePacker", "ScriptablePacker.csproj", "{624EF1F9-E4CE-A030-8710-08B23429B77C}"
EndProject
Project("{FAE04EC0-301F-11D3-BF4B-00C04F79EFBC}") = "Unity.Collections.Editor", "Unity.Collections.Editor.csproj", "{42EB283A-0C85-6A96-93F7-995BCDA9D8C1}"
EndProject
Project("{FAE04EC0-301F-11D3-BF4B-00C04F79EFBC}") = "Unity.RenderPipelines.Universal.Config.Runtime", "Unity.RenderPipelines.Universal.Config.Runtime.csproj", "{38E7AB35-AD11-CFA8-0DD3-1EEF253912BD}"
EndProject
Project("{FAE04EC0-301F-11D3-BF4B-00C04F79EFBC}") = "Unity.RenderPipelines.ShaderGraph.ShaderGraphLibrary", "Unity.RenderPipelines.ShaderGraph.ShaderGraphLibrary.csproj", "{8DB31B71-4C3E-FAC3-C1A4-750B7B9D7993}"
EndProject
Project("{FAE04EC0-301F-11D3-BF4B-00C04F79EFBC}") = "Unity.RenderPipelines.Core.ShaderLibrary", "Unity.RenderPipelines.Core.ShaderLibrary.csproj", "{5751FCA2-E641-2406-2EF7-ECCBCF0511F0}"
EndProject
Project("{FAE04EC0-301F-11D3-BF4B-00C04F79EFBC}") = "Unity.RenderPipelines.Core.Editor.Shared", "Unity.RenderPipelines.Core.Editor.Shared.csproj", "{EF09C282-1870-255F-39C7-73AAB155553B}"
EndProject
Project("{FAE04EC0-301F-11D3-BF4B-00C04F79EFBC}") = "Unity.Timeline", "Unity.Timeline.Player.csproj", "{7F3A387F-48AC-B64E-7FAA-8640C7BA53EA}"
EndProject
Project("{FAE04EC0-301F-11D3-BF4B-00C04F79EFBC}") = "Unity.RenderPipelines.GPUDriven.Runtime", "Unity.RenderPipelines.GPUDriven.Runtime.Player.csproj", "{545772D7-5BBB-F20B-40D3-666D0B196089}"
EndProject
Project("{FAE04EC0-301F-11D3-BF4B-00C04F79EFBC}") = "Unity.RenderPipelines.Core.Runtime", "Unity.RenderPipelines.Core.Runtime.Player.csproj", "{51AE95D8-3BD7-910D-09E2-750F677F0736}"
EndProject
Project("{FAE04EC0-301F-11D3-BF4B-00C04F79EFBC}") = "Unity.Mathematics", "Unity.Mathematics.Player.csproj", "{D5806F75-8776-8AA3-225B-312DC85C9EB6}"
EndProject
Project("{FAE04EC0-301F-11D3-BF4B-00C04F79EFBC}") = "Unity.Collections", "Unity.Collections.Player.csproj", "{BEE1CFA7-B6E7-373D-D56B-9D08CDEE13F1}"
EndProject
Project("{FAE04EC0-301F-11D3-BF4B-00C04F79EFBC}") = "UnityEngine.UI", "UnityEngine.UI.Player.csproj", "{E96F235B-7BCA-BF06-8296-CD1F0AAED671}"
EndProject
Project("{FAE04EC0-301F-11D3-BF4B-00C04F79EFBC}") = "Unity.2D.IK.Runtime", "Unity.2D.IK.Runtime.Player.csproj", "{ED5C0E9F-621F-A438-EB7C-EACCD6DA8977}"
EndProject
Project("{FAE04EC0-301F-11D3-BF4B-00C04F79EFBC}") = "Unity.RenderPipelines.Universal.2D.Runtime", "Unity.RenderPipelines.Universal.2D.Runtime.Player.csproj", "{EFB11E54-1482-E32F-47F9-CCF0ED3BBCDF}"
EndProject
Project("{FAE04EC0-301F-11D3-BF4B-00C04F79EFBC}") = "UnityEngine.TestRunner", "UnityEngine.TestRunner.Player.csproj", "{2143AA67-961A-F2A5-3FF2-C99D2ACCA741}"
EndProject
Project("{FAE04EC0-301F-11D3-BF4B-00C04F79EFBC}") = "Unity.Burst", "Unity.Burst.Player.csproj", "{2BAC7677-B276-07A0-E6C7-CD6F5675BF4C}"
EndProject
Project("{FAE04EC0-301F-11D3-BF4B-00C04F79EFBC}") = "Unity.InputSystem", "Unity.InputSystem.Player.csproj", "{E062418F-D490-28E0-BD42-F2ECCED6CB59}"
EndProject
Project("{FAE04EC0-301F-11D3-BF4B-00C04F79EFBC}") = "Unity.2D.SpriteShape.Runtime", "Unity.2D.SpriteShape.Runtime.Player.csproj", "{37EBD686-B5F8-5A9F-06F8-2FE6DAD38374}"
EndProject
Project("{FAE04EC0-301F-11D3-BF4B-00C04F79EFBC}") = "Unity.VisualScripting.Core", "Unity.VisualScripting.Core.Player.csproj", "{E8273CB0-B9D1-7D52-B170-1379576968C5}"
EndProject
Project("{FAE04EC0-301F-11D3-BF4B-00C04F79EFBC}") = "Unity.RenderPipelines.Universal.Runtime", "Unity.RenderPipelines.Universal.Runtime.Player.csproj", "{F0BB7EE6-5EA5-D416-1514-1A2B0F0B7B94}"
EndProject
Project("{FAE04EC0-301F-11D3-BF4B-00C04F79EFBC}") = "Unity.VisualScripting.Flow", "Unity.VisualScripting.Flow.Player.csproj", "{873777AC-DF05-39B9-EE5C-F795F0346A11}"
EndProject
Project("{FAE04EC0-301F-11D3-BF4B-00C04F79EFBC}") = "Unity.PerformanceTesting", "Unity.PerformanceTesting.Player.csproj", "{B7679146-DCDE-9CBB-6019-6167B2454E7E}"
EndProject
Project("{FAE04EC0-301F-11D3-BF4B-00C04F79EFBC}") = "Unity.TextMeshPro", "Unity.TextMeshPro.Player.csproj", "{2219FC90-DED8-B654-0408-490C81528F67}"
EndProject
Project("{FAE04EC0-301F-11D3-BF4B-00C04F79EFBC}") = "Unity.Rendering.LightTransport.Runtime", "Unity.Rendering.LightTransport.Runtime.Player.csproj", "{3E971F28-7FAC-249B-EF0D-C860AD865140}"
EndProject
Project("{FAE04EC0-301F-11D3-BF4B-00C04F79EFBC}") = "Unity.InternalAPIEngineBridge.001", "Unity.InternalAPIEngineBridge.001.Player.csproj", "{E2452BF4-1710-D9B6-8A64-445E4F76D865}"
EndProject
Project("{FAE04EC0-301F-11D3-BF4B-00C04F79EFBC}") = "Unity.VisualScripting.State", "Unity.VisualScripting.State.Player.csproj", "{65D9E091-4730-BB44-FD99-AAFB4F3615EE}"
EndProject
Project("{FAE04EC0-301F-11D3-BF4B-00C04F79EFBC}") = "Unity.Multiplayer.Center.Common", "Unity.Multiplayer.Center.Common.Player.csproj", "{1C414B4B-E4FD-74CD-3AA7-6751270430A0}"
EndProject
Project("{FAE04EC0-301F-11D3-BF4B-00C04F79EFBC}") = "Unity.InputSystem.ForUI", "Unity.InputSystem.ForUI.Player.csproj", "{C57947DB-2F6F-1585-7B6D-C82BBA19DD08}"
EndProject
Project("{FAE04EC0-301F-11D3-BF4B-00C04F79EFBC}") = "Unity.2D.Tilemap.Extras", "Unity.2D.Tilemap.Extras.Player.csproj", "{E560E6CC-0E67-5677-03E5-13C290790364}"
EndProject
Project("{FAE04EC0-301F-11D3-BF4B-00C04F79EFBC}") = "Unity.2D.Animation.Runtime", "Unity.2D.Animation.Runtime.Player.csproj", "{D0C014AB-5BA2-5D19-B0F4-D4E9E7AADB50}"
EndProject
Project("{FAE04EC0-301F-11D3-BF4B-00C04F79EFBC}") = "Unity.InputSystem.TestFramework", "Unity.InputSystem.TestFramework.Player.csproj", "{51ABD246-972D-DFA7-D2C5-B6D4F65CAB89}"
EndProject
Project("{FAE04EC0-301F-11D3-BF4B-00C04F79EFBC}") = "Assembly-CSharp", "Assembly-CSharp.Player.csproj", "{3545AEE2-446A-29A8-294B-F11112DD2E4A}"
EndProject
Project("{FAE04EC0-301F-11D3-BF4B-00C04F79EFBC}") = "Unity.RenderPipeline.Universal.ShaderLibrary", "Unity.RenderPipeline.Universal.ShaderLibrary.Player.csproj", "{7CAF0EF2-74B5-9D3D-3ACC-C66B8C236081}"
EndProject
Project("{FAE04EC0-301F-11D3-BF4B-00C04F79EFBC}") = "Unity.2D.Common.Runtime", "Unity.2D.Common.Runtime.Player.csproj", "{37CF7F3E-B80E-542C-4029-371FAD83F245}"
EndProject
Project("{FAE04EC0-301F-11D3-BF4B-00C04F79EFBC}") = "Unity.2D.PixelPerfect", "Unity.2D.PixelPerfect.Player.csproj", "{9F5D777C-82BF-5F6D-1262-072EC6559373}"
EndProject
Project("{FAE04EC0-301F-11D3-BF4B-00C04F79EFBC}") = "Unity.RenderPipelines.Universal.Shaders", "Unity.RenderPipelines.Universal.Shaders.Player.csproj", "{AF9E657C-1B46-0A28-BA1D-E5954272DEC8}"
EndProject
Project("{FAE04EC0-301F-11D3-BF4B-00C04F79EFBC}") = "Unity.RenderPipelines.Core.Runtime.Shared", "Unity.RenderPipelines.Core.Runtime.Shared.Player.csproj", "{2CA89660-C81B-789B-FD79-58526A9AB0ED}"
EndProject
Project("{FAE04EC0-301F-11D3-BF4B-00C04F79EFBC}") = "Unity.RenderPipelines.Universal.Config.Runtime", "Unity.RenderPipelines.Universal.Config.Runtime.Player.csproj", "{49706D8A-EC4C-D25F-CFF0-FB90CCB55CDF}"
EndProject
Project("{FAE04EC0-301F-11D3-BF4B-00C04F79EFBC}") = "Unity.RenderPipelines.ShaderGraph.ShaderGraphLibrary", "Unity.RenderPipelines.ShaderGraph.ShaderGraphLibrary.Player.csproj", "{2D3CEEBE-00F5-7B72-95F2-8F1F47BC6243}"
EndProject
Project("{FAE04EC0-301F-11D3-BF4B-00C04F79EFBC}") = "Unity.RenderPipelines.Core.ShaderLibrary", "Unity.RenderPipelines.Core.ShaderLibrary.Player.csproj", "{7FD17376-14EB-91F7-4600-BD3D87FBAE0B}"
EndProject
Global
	GlobalSection(SolutionConfigurationPlatforms) = preSolution
		Debug|Any CPU = Debug|Any CPU
		Release|Any CPU = Release|Any CPU
	EndGlobalSection
	GlobalSection(ProjectConfigurationPlatforms) = postSolution
		{CC3D9A8D-0CE7-1239-938C-A0A828FCAE9F}.Debug|Any CPU.ActiveCfg = Debug|Any CPU
		{CC3D9A8D-0CE7-1239-938C-A0A828FCAE9F}.Debug|Any CPU.Build.0 = Debug|Any CPU
		{CC3D9A8D-0CE7-1239-938C-A0A828FCAE9F}.Release|Any CPU.ActiveCfg = Release|Any CPU
		{CC3D9A8D-0CE7-1239-938C-A0A828FCAE9F}.Release|Any CPU.Build.0 = Release|Any CPU
		{3B34E916-24C8-71C0-DA9F-29318939DB0C}.Debug|Any CPU.ActiveCfg = Debug|Any CPU
		{3B34E916-24C8-71C0-DA9F-29318939DB0C}.Debug|Any CPU.Build.0 = Debug|Any CPU
		{3B34E916-24C8-71C0-DA9F-29318939DB0C}.Release|Any CPU.ActiveCfg = Release|Any CPU
		{3B34E916-24C8-71C0-DA9F-29318939DB0C}.Release|Any CPU.Build.0 = Release|Any CPU
		{157E3486-F60A-CBAC-9D2A-0B826685EDF3}.Debug|Any CPU.ActiveCfg = Debug|Any CPU
		{157E3486-F60A-CBAC-9D2A-0B826685EDF3}.Debug|Any CPU.Build.0 = Debug|Any CPU
		{157E3486-F60A-CBAC-9D2A-0B826685EDF3}.Release|Any CPU.ActiveCfg = Release|Any CPU
		{157E3486-F60A-CBAC-9D2A-0B826685EDF3}.Release|Any CPU.Build.0 = Release|Any CPU
		{C976801E-4232-D1C8-3E9C-527C34679547}.Debug|Any CPU.ActiveCfg = Debug|Any CPU
		{C976801E-4232-D1C8-3E9C-527C34679547}.Debug|Any CPU.Build.0 = Debug|Any CPU
		{C976801E-4232-D1C8-3E9C-527C34679547}.Release|Any CPU.ActiveCfg = Release|Any CPU
		{C976801E-4232-D1C8-3E9C-527C34679547}.Release|Any CPU.Build.0 = Release|Any CPU
		{EB0BAFF9-6251-07F1-FCE7-8447317CA5B8}.Debug|Any CPU.ActiveCfg = Debug|Any CPU
		{EB0BAFF9-6251-07F1-FCE7-8447317CA5B8}.Debug|Any CPU.Build.0 = Debug|Any CPU
		{EB0BAFF9-6251-07F1-FCE7-8447317CA5B8}.Release|Any CPU.ActiveCfg = Release|Any CPU
		{EB0BAFF9-6251-07F1-FCE7-8447317CA5B8}.Release|Any CPU.Build.0 = Release|Any CPU
		{78EE2F4B-654C-2048-FDAB-DE1F34F5A203}.Debug|Any CPU.ActiveCfg = Debug|Any CPU
		{78EE2F4B-654C-2048-FDAB-DE1F34F5A203}.Debug|Any CPU.Build.0 = Debug|Any CPU
		{78EE2F4B-654C-2048-FDAB-DE1F34F5A203}.Release|Any CPU.ActiveCfg = Release|Any CPU
		{78EE2F4B-654C-2048-FDAB-DE1F34F5A203}.Release|Any CPU.Build.0 = Release|Any CPU
		{3402CA26-D5B8-CC6D-5227-8F3D77FE3BFE}.Debug|Any CPU.ActiveCfg = Debug|Any CPU
		{3402CA26-D5B8-CC6D-5227-8F3D77FE3BFE}.Debug|Any CPU.Build.0 = Debug|Any CPU
		{3402CA26-D5B8-CC6D-5227-8F3D77FE3BFE}.Release|Any CPU.ActiveCfg = Release|Any CPU
		{3402CA26-D5B8-CC6D-5227-8F3D77FE3BFE}.Release|Any CPU.Build.0 = Release|Any CPU
		{FF380125-A4EA-F1D5-336F-8F4CFA05F697}.Debug|Any CPU.ActiveCfg = Debug|Any CPU
		{FF380125-A4EA-F1D5-336F-8F4CFA05F697}.Debug|Any CPU.Build.0 = Debug|Any CPU
		{FF380125-A4EA-F1D5-336F-8F4CFA05F697}.Release|Any CPU.ActiveCfg = Release|Any CPU
		{FF380125-A4EA-F1D5-336F-8F4CFA05F697}.Release|Any CPU.Build.0 = Release|Any CPU
		{8071A09E-F10D-F74B-D557-B3AEF7487F0D}.Debug|Any CPU.ActiveCfg = Debug|Any CPU
		{8071A09E-F10D-F74B-D557-B3AEF7487F0D}.Debug|Any CPU.Build.0 = Debug|Any CPU
		{8071A09E-F10D-F74B-D557-B3AEF7487F0D}.Release|Any CPU.ActiveCfg = Release|Any CPU
		{8071A09E-F10D-F74B-D557-B3AEF7487F0D}.Release|Any CPU.Build.0 = Release|Any CPU
		{5780A521-71BF-97B2-B20C-FDF9B9240209}.Debug|Any CPU.ActiveCfg = Debug|Any CPU
		{5780A521-71BF-97B2-B20C-FDF9B9240209}.Debug|Any CPU.Build.0 = Debug|Any CPU
		{5780A521-71BF-97B2-B20C-FDF9B9240209}.Release|Any CPU.ActiveCfg = Release|Any CPU
		{5780A521-71BF-97B2-B20C-FDF9B9240209}.Release|Any CPU.Build.0 = Release|Any CPU
		{00FD69C9-352A-4B49-BCDB-95A490C2954B}.Debug|Any CPU.ActiveCfg = Debug|Any CPU
		{00FD69C9-352A-4B49-BCDB-95A490C2954B}.Debug|Any CPU.Build.0 = Debug|Any CPU
		{00FD69C9-352A-4B49-BCDB-95A490C2954B}.Release|Any CPU.ActiveCfg = Release|Any CPU
		{00FD69C9-352A-4B49-BCDB-95A490C2954B}.Release|Any CPU.Build.0 = Release|Any CPU
		{A7F39EE7-0FBE-3949-6F7F-D612DFC3AD09}.Debug|Any CPU.ActiveCfg = Debug|Any CPU
		{A7F39EE7-0FBE-3949-6F7F-D612DFC3AD09}.Debug|Any CPU.Build.0 = Debug|Any CPU
		{A7F39EE7-0FBE-3949-6F7F-D612DFC3AD09}.Release|Any CPU.ActiveCfg = Release|Any CPU
		{A7F39EE7-0FBE-3949-6F7F-D612DFC3AD09}.Release|Any CPU.Build.0 = Release|Any CPU
		{F771CE2E-F47B-764F-F3CF-089137C4657E}.Debug|Any CPU.ActiveCfg = Debug|Any CPU
		{F771CE2E-F47B-764F-F3CF-089137C4657E}.Debug|Any CPU.Build.0 = Debug|Any CPU
		{F771CE2E-F47B-764F-F3CF-089137C4657E}.Release|Any CPU.ActiveCfg = Release|Any CPU
		{F771CE2E-F47B-764F-F3CF-089137C4657E}.Release|Any CPU.Build.0 = Release|Any CPU
		{3BBB76F9-198C-45AA-B4EA-7D4E33180508}.Debug|Any CPU.ActiveCfg = Debug|Any CPU
		{3BBB76F9-198C-45AA-B4EA-7D4E33180508}.Debug|Any CPU.Build.0 = Debug|Any CPU
		{3BBB76F9-198C-45AA-B4EA-7D4E33180508}.Release|Any CPU.ActiveCfg = Release|Any CPU
		{3BBB76F9-198C-45AA-B4EA-7D4E33180508}.Release|Any CPU.Build.0 = Release|Any CPU
		{5A2783F5-0FAF-CA8D-AB32-00C8160344B2}.Debug|Any CPU.ActiveCfg = Debug|Any CPU
		{5A2783F5-0FAF-CA8D-AB32-00C8160344B2}.Debug|Any CPU.Build.0 = Debug|Any CPU
		{5A2783F5-0FAF-CA8D-AB32-00C8160344B2}.Release|Any CPU.ActiveCfg = Release|Any CPU
		{5A2783F5-0FAF-CA8D-AB32-00C8160344B2}.Release|Any CPU.Build.0 = Release|Any CPU
		{CB6763A0-191A-0318-02EC-CCBBFED9AC76}.Debug|Any CPU.ActiveCfg = Debug|Any CPU
		{CB6763A0-191A-0318-02EC-CCBBFED9AC76}.Debug|Any CPU.Build.0 = Debug|Any CPU
		{CB6763A0-191A-0318-02EC-CCBBFED9AC76}.Release|Any CPU.ActiveCfg = Release|Any CPU
		{CB6763A0-191A-0318-02EC-CCBBFED9AC76}.Release|Any CPU.Build.0 = Release|Any CPU
		{754E97FA-B15D-583E-8A32-91C1D268C440}.Debug|Any CPU.ActiveCfg = Debug|Any CPU
		{754E97FA-B15D-583E-8A32-91C1D268C440}.Debug|Any CPU.Build.0 = Debug|Any CPU
		{754E97FA-B15D-583E-8A32-91C1D268C440}.Release|Any CPU.ActiveCfg = Release|Any CPU
		{754E97FA-B15D-583E-8A32-91C1D268C440}.Release|Any CPU.Build.0 = Release|Any CPU
		{CB6096F3-BBEA-D6E3-61A4-CD5ED9C7E124}.Debug|Any CPU.ActiveCfg = Debug|Any CPU
		{CB6096F3-BBEA-D6E3-61A4-CD5ED9C7E124}.Debug|Any CPU.Build.0 = Debug|Any CPU
		{CB6096F3-BBEA-D6E3-61A4-CD5ED9C7E124}.Release|Any CPU.ActiveCfg = Release|Any CPU
		{CB6096F3-BBEA-D6E3-61A4-CD5ED9C7E124}.Release|Any CPU.Build.0 = Release|Any CPU
		{2939217D-A3F4-752F-843B-56500391393F}.Debug|Any CPU.ActiveCfg = Debug|Any CPU
		{2939217D-A3F4-752F-843B-56500391393F}.Debug|Any CPU.Build.0 = Debug|Any CPU
		{2939217D-A3F4-752F-843B-56500391393F}.Release|Any CPU.ActiveCfg = Release|Any CPU
		{2939217D-A3F4-752F-843B-56500391393F}.Release|Any CPU.Build.0 = Release|Any CPU
		{1679FE4F-360D-016F-2F39-96BDFF033AC8}.Debug|Any CPU.ActiveCfg = Debug|Any CPU
		{1679FE4F-360D-016F-2F39-96BDFF033AC8}.Debug|Any CPU.Build.0 = Debug|Any CPU
		{1679FE4F-360D-016F-2F39-96BDFF033AC8}.Release|Any CPU.ActiveCfg = Release|Any CPU
		{1679FE4F-360D-016F-2F39-96BDFF033AC8}.Release|Any CPU.Build.0 = Release|Any CPU
		{98457799-0809-A45A-C169-A9E62F7647D8}.Debug|Any CPU.ActiveCfg = Debug|Any CPU
		{98457799-0809-A45A-C169-A9E62F7647D8}.Debug|Any CPU.Build.0 = Debug|Any CPU
		{98457799-0809-A45A-C169-A9E62F7647D8}.Release|Any CPU.ActiveCfg = Release|Any CPU
		{98457799-0809-A45A-C169-A9E62F7647D8}.Release|Any CPU.Build.0 = Release|Any CPU
		{8E434303-8CC0-79A9-B15F-27812113A251}.Debug|Any CPU.ActiveCfg = Debug|Any CPU
		{8E434303-8CC0-79A9-B15F-27812113A251}.Debug|Any CPU.Build.0 = Debug|Any CPU
		{8E434303-8CC0-79A9-B15F-27812113A251}.Release|Any CPU.ActiveCfg = Release|Any CPU
		{8E434303-8CC0-79A9-B15F-27812113A251}.Release|Any CPU.Build.0 = Release|Any CPU
		{1E4F7053-AA6C-D096-3871-81BD54941BFA}.Debug|Any CPU.ActiveCfg = Debug|Any CPU
		{1E4F7053-AA6C-D096-3871-81BD54941BFA}.Debug|Any CPU.Build.0 = Debug|Any CPU
		{1E4F7053-AA6C-D096-3871-81BD54941BFA}.Release|Any CPU.ActiveCfg = Release|Any CPU
		{1E4F7053-AA6C-D096-3871-81BD54941BFA}.Release|Any CPU.Build.0 = Release|Any CPU
		{E2FF2F62-CAB2-203B-8E54-44259E793412}.Debug|Any CPU.ActiveCfg = Debug|Any CPU
		{E2FF2F62-CAB2-203B-8E54-44259E793412}.Debug|Any CPU.Build.0 = Debug|Any CPU
		{E2FF2F62-CAB2-203B-8E54-44259E793412}.Release|Any CPU.ActiveCfg = Release|Any CPU
		{E2FF2F62-CAB2-203B-8E54-44259E793412}.Release|Any CPU.Build.0 = Release|Any CPU
		{26EAEFD7-A63D-5311-3C1B-59CC75D468E3}.Debug|Any CPU.ActiveCfg = Debug|Any CPU
		{26EAEFD7-A63D-5311-3C1B-59CC75D468E3}.Debug|Any CPU.Build.0 = Debug|Any CPU
		{26EAEFD7-A63D-5311-3C1B-59CC75D468E3}.Release|Any CPU.ActiveCfg = Release|Any CPU
		{26EAEFD7-A63D-5311-3C1B-59CC75D468E3}.Release|Any CPU.Build.0 = Release|Any CPU
		{27F64A87-345E-4D48-4062-6B31CC1E8A0D}.Debug|Any CPU.ActiveCfg = Debug|Any CPU
		{27F64A87-345E-4D48-4062-6B31CC1E8A0D}.Debug|Any CPU.Build.0 = Debug|Any CPU
		{27F64A87-345E-4D48-4062-6B31CC1E8A0D}.Release|Any CPU.ActiveCfg = Release|Any CPU
		{27F64A87-345E-4D48-4062-6B31CC1E8A0D}.Release|Any CPU.Build.0 = Release|Any CPU
		{20E6D22E-C2CA-4554-C528-A69DC858E929}.Debug|Any CPU.ActiveCfg = Debug|Any CPU
		{20E6D22E-C2CA-4554-C528-A69DC858E929}.Debug|Any CPU.Build.0 = Debug|Any CPU
		{20E6D22E-C2CA-4554-C528-A69DC858E929}.Release|Any CPU.ActiveCfg = Release|Any CPU
		{20E6D22E-C2CA-4554-C528-A69DC858E929}.Release|Any CPU.Build.0 = Release|Any CPU
		{35337CE9-35D8-861E-64F0-CFC08FA904C5}.Debug|Any CPU.ActiveCfg = Debug|Any CPU
		{35337CE9-35D8-861E-64F0-CFC08FA904C5}.Debug|Any CPU.Build.0 = Debug|Any CPU
		{35337CE9-35D8-861E-64F0-CFC08FA904C5}.Release|Any CPU.ActiveCfg = Release|Any CPU
		{35337CE9-35D8-861E-64F0-CFC08FA904C5}.Release|Any CPU.Build.0 = Release|Any CPU
		{9FC65FF4-716F-CD4C-9A0A-90EE5B46DF34}.Debug|Any CPU.ActiveCfg = Debug|Any CPU
		{9FC65FF4-716F-CD4C-9A0A-90EE5B46DF34}.Debug|Any CPU.Build.0 = Debug|Any CPU
		{9FC65FF4-716F-CD4C-9A0A-90EE5B46DF34}.Release|Any CPU.ActiveCfg = Release|Any CPU
		{9FC65FF4-716F-CD4C-9A0A-90EE5B46DF34}.Release|Any CPU.Build.0 = Release|Any CPU
		{15F2206E-C5A9-7B39-6F5F-09DF926D9F35}.Debug|Any CPU.ActiveCfg = Debug|Any CPU
		{15F2206E-C5A9-7B39-6F5F-09DF926D9F35}.Debug|Any CPU.Build.0 = Debug|Any CPU
		{15F2206E-C5A9-7B39-6F5F-09DF926D9F35}.Release|Any CPU.ActiveCfg = Release|Any CPU
		{15F2206E-C5A9-7B39-6F5F-09DF926D9F35}.Release|Any CPU.Build.0 = Release|Any CPU
		{1568DC76-8BA1-C26E-EF28-F9A226BC349C}.Debug|Any CPU.ActiveCfg = Debug|Any CPU
		{1568DC76-8BA1-C26E-EF28-F9A226BC349C}.Debug|Any CPU.Build.0 = Debug|Any CPU
		{1568DC76-8BA1-C26E-EF28-F9A226BC349C}.Release|Any CPU.ActiveCfg = Release|Any CPU
		{1568DC76-8BA1-C26E-EF28-F9A226BC349C}.Release|Any CPU.Build.0 = Release|Any CPU
		{F9ACE57B-AF15-47EB-0EF6-23FC38D98711}.Debug|Any CPU.ActiveCfg = Debug|Any CPU
		{F9ACE57B-AF15-47EB-0EF6-23FC38D98711}.Debug|Any CPU.Build.0 = Debug|Any CPU
		{F9ACE57B-AF15-47EB-0EF6-23FC38D98711}.Release|Any CPU.ActiveCfg = Release|Any CPU
		{F9ACE57B-AF15-47EB-0EF6-23FC38D98711}.Release|Any CPU.Build.0 = Release|Any CPU
		{2F653BB7-F56C-3530-946F-40F0F2E4CD5B}.Debug|Any CPU.ActiveCfg = Debug|Any CPU
		{2F653BB7-F56C-3530-946F-40F0F2E4CD5B}.Debug|Any CPU.Build.0 = Debug|Any CPU
		{2F653BB7-F56C-3530-946F-40F0F2E4CD5B}.Release|Any CPU.ActiveCfg = Release|Any CPU
		{2F653BB7-F56C-3530-946F-40F0F2E4CD5B}.Release|Any CPU.Build.0 = Release|Any CPU
		{9B3222BF-7E0E-6724-9D39-D35421D12738}.Debug|Any CPU.ActiveCfg = Debug|Any CPU
		{9B3222BF-7E0E-6724-9D39-D35421D12738}.Debug|Any CPU.Build.0 = Debug|Any CPU
		{9B3222BF-7E0E-6724-9D39-D35421D12738}.Release|Any CPU.ActiveCfg = Release|Any CPU
		{9B3222BF-7E0E-6724-9D39-D35421D12738}.Release|Any CPU.Build.0 = Release|Any CPU
		{8BEFBCFA-9ACC-4A18-E840-BCAA78AC580A}.Debug|Any CPU.ActiveCfg = Debug|Any CPU
		{8BEFBCFA-9ACC-4A18-E840-BCAA78AC580A}.Debug|Any CPU.Build.0 = Debug|Any CPU
		{8BEFBCFA-9ACC-4A18-E840-BCAA78AC580A}.Release|Any CPU.ActiveCfg = Release|Any CPU
		{8BEFBCFA-9ACC-4A18-E840-BCAA78AC580A}.Release|Any CPU.Build.0 = Release|Any CPU
		{78ED0D0F-EC5D-32B9-1A51-81A0C3699ED6}.Debug|Any CPU.ActiveCfg = Debug|Any CPU
		{78ED0D0F-EC5D-32B9-1A51-81A0C3699ED6}.Debug|Any CPU.Build.0 = Debug|Any CPU
		{78ED0D0F-EC5D-32B9-1A51-81A0C3699ED6}.Release|Any CPU.ActiveCfg = Release|Any CPU
		{78ED0D0F-EC5D-32B9-1A51-81A0C3699ED6}.Release|Any CPU.Build.0 = Release|Any CPU
		{FB6B3BF5-E058-1D23-26EC-75213A42A08D}.Debug|Any CPU.ActiveCfg = Debug|Any CPU
		{FB6B3BF5-E058-1D23-26EC-75213A42A08D}.Debug|Any CPU.Build.0 = Debug|Any CPU
		{FB6B3BF5-E058-1D23-26EC-75213A42A08D}.Release|Any CPU.ActiveCfg = Release|Any CPU
		{FB6B3BF5-E058-1D23-26EC-75213A42A08D}.Release|Any CPU.Build.0 = Release|Any CPU
		{28221ACF-14FE-3CA5-D573-5908871A7281}.Debug|Any CPU.ActiveCfg = Debug|Any CPU
		{28221ACF-14FE-3CA5-D573-5908871A7281}.Debug|Any CPU.Build.0 = Debug|Any CPU
		{28221ACF-14FE-3CA5-D573-5908871A7281}.Release|Any CPU.ActiveCfg = Release|Any CPU
		{28221ACF-14FE-3CA5-D573-5908871A7281}.Release|Any CPU.Build.0 = Release|Any CPU
		{BF6D81D0-4E19-53AE-2834-F69DE6075383}.Debug|Any CPU.ActiveCfg = Debug|Any CPU
		{BF6D81D0-4E19-53AE-2834-F69DE6075383}.Debug|Any CPU.Build.0 = Debug|Any CPU
		{BF6D81D0-4E19-53AE-2834-F69DE6075383}.Release|Any CPU.ActiveCfg = Release|Any CPU
		{BF6D81D0-4E19-53AE-2834-F69DE6075383}.Release|Any CPU.Build.0 = Release|Any CPU
		{5AC4CBF4-A454-E0E6-E7BA-79B59B944D56}.Debug|Any CPU.ActiveCfg = Debug|Any CPU
		{5AC4CBF4-A454-E0E6-E7BA-79B59B944D56}.Debug|Any CPU.Build.0 = Debug|Any CPU
		{5AC4CBF4-A454-E0E6-E7BA-79B59B944D56}.Release|Any CPU.ActiveCfg = Release|Any CPU
		{5AC4CBF4-A454-E0E6-E7BA-79B59B944D56}.Release|Any CPU.Build.0 = Release|Any CPU
		{30F3A52C-1E94-8B39-444B-662DF6C6F795}.Debug|Any CPU.ActiveCfg = Debug|Any CPU
		{30F3A52C-1E94-8B39-444B-662DF6C6F795}.Debug|Any CPU.Build.0 = Debug|Any CPU
		{30F3A52C-1E94-8B39-444B-662DF6C6F795}.Release|Any CPU.ActiveCfg = Release|Any CPU
		{30F3A52C-1E94-8B39-444B-662DF6C6F795}.Release|Any CPU.Build.0 = Release|Any CPU
		{E4C2B04E-7CFE-9578-0203-34C815F085F3}.Debug|Any CPU.ActiveCfg = Debug|Any CPU
		{E4C2B04E-7CFE-9578-0203-34C815F085F3}.Debug|Any CPU.Build.0 = Debug|Any CPU
		{E4C2B04E-7CFE-9578-0203-34C815F085F3}.Release|Any CPU.ActiveCfg = Release|Any CPU
		{E4C2B04E-7CFE-9578-0203-34C815F085F3}.Release|Any CPU.Build.0 = Release|Any CPU
		{728601A4-1AC1-59CB-F1EA-14919842481F}.Debug|Any CPU.ActiveCfg = Debug|Any CPU
		{728601A4-1AC1-59CB-F1EA-14919842481F}.Debug|Any CPU.Build.0 = Debug|Any CPU
		{728601A4-1AC1-59CB-F1EA-14919842481F}.Release|Any CPU.ActiveCfg = Release|Any CPU
		{728601A4-1AC1-59CB-F1EA-14919842481F}.Release|Any CPU.Build.0 = Release|Any CPU
		{646DDE83-E2D5-8313-C7E5-8E088101C403}.Debug|Any CPU.ActiveCfg = Debug|Any CPU
		{646DDE83-E2D5-8313-C7E5-8E088101C403}.Debug|Any CPU.Build.0 = Debug|Any CPU
		{646DDE83-E2D5-8313-C7E5-8E088101C403}.Release|Any CPU.ActiveCfg = Release|Any CPU
		{646DDE83-E2D5-8313-C7E5-8E088101C403}.Release|Any CPU.Build.0 = Release|Any CPU
		{B4B5F5DB-AC9D-76C3-A034-2B3D2F1AE49D}.Debug|Any CPU.ActiveCfg = Debug|Any CPU
		{B4B5F5DB-AC9D-76C3-A034-2B3D2F1AE49D}.Debug|Any CPU.Build.0 = Debug|Any CPU
		{B4B5F5DB-AC9D-76C3-A034-2B3D2F1AE49D}.Release|Any CPU.ActiveCfg = Release|Any CPU
		{B4B5F5DB-AC9D-76C3-A034-2B3D2F1AE49D}.Release|Any CPU.Build.0 = Release|Any CPU
		{AF9B6CE0-FCE4-52D5-CAAA-9D79A9E4086F}.Debug|Any CPU.ActiveCfg = Debug|Any CPU
		{AF9B6CE0-FCE4-52D5-CAAA-9D79A9E4086F}.Debug|Any CPU.Build.0 = Debug|Any CPU
		{AF9B6CE0-FCE4-52D5-CAAA-9D79A9E4086F}.Release|Any CPU.ActiveCfg = Release|Any CPU
		{AF9B6CE0-FCE4-52D5-CAAA-9D79A9E4086F}.Release|Any CPU.Build.0 = Release|Any CPU
		{FD81C218-D497-8A70-3AC4-51CFCDC697AF}.Debug|Any CPU.ActiveCfg = Debug|Any CPU
		{FD81C218-D497-8A70-3AC4-51CFCDC697AF}.Debug|Any CPU.Build.0 = Debug|Any CPU
		{FD81C218-D497-8A70-3AC4-51CFCDC697AF}.Release|Any CPU.ActiveCfg = Release|Any CPU
		{FD81C218-D497-8A70-3AC4-51CFCDC697AF}.Release|Any CPU.Build.0 = Release|Any CPU
		{55FAF7DF-C4CE-C59B-3A71-6FAF2C5B7C1A}.Debug|Any CPU.ActiveCfg = Debug|Any CPU
		{55FAF7DF-C4CE-C59B-3A71-6FAF2C5B7C1A}.Debug|Any CPU.Build.0 = Debug|Any CPU
		{55FAF7DF-C4CE-C59B-3A71-6FAF2C5B7C1A}.Release|Any CPU.ActiveCfg = Release|Any CPU
		{55FAF7DF-C4CE-C59B-3A71-6FAF2C5B7C1A}.Release|Any CPU.Build.0 = Release|Any CPU
		{E5854AE0-B52A-95F7-64BE-F8ABF850CB95}.Debug|Any CPU.ActiveCfg = Debug|Any CPU
		{E5854AE0-B52A-95F7-64BE-F8ABF850CB95}.Debug|Any CPU.Build.0 = Debug|Any CPU
		{E5854AE0-B52A-95F7-64BE-F8ABF850CB95}.Release|Any CPU.ActiveCfg = Release|Any CPU
		{E5854AE0-B52A-95F7-64BE-F8ABF850CB95}.Release|Any CPU.Build.0 = Release|Any CPU
		{16C4E24D-FC6A-D51C-CE32-755F1C2901D6}.Debug|Any CPU.ActiveCfg = Debug|Any CPU
		{16C4E24D-FC6A-D51C-CE32-755F1C2901D6}.Debug|Any CPU.Build.0 = Debug|Any CPU
		{16C4E24D-FC6A-D51C-CE32-755F1C2901D6}.Release|Any CPU.ActiveCfg = Release|Any CPU
		{16C4E24D-FC6A-D51C-CE32-755F1C2901D6}.Release|Any CPU.Build.0 = Release|Any CPU
		{B0524146-5A25-9D0F-1A84-84918922D77E}.Debug|Any CPU.ActiveCfg = Debug|Any CPU
		{B0524146-5A25-9D0F-1A84-84918922D77E}.Debug|Any CPU.Build.0 = Debug|Any CPU
		{B0524146-5A25-9D0F-1A84-84918922D77E}.Release|Any CPU.ActiveCfg = Release|Any CPU
		{B0524146-5A25-9D0F-1A84-84918922D77E}.Release|Any CPU.Build.0 = Release|Any CPU
		{2B81CD04-307D-5AFC-971A-90C2B4A364E2}.Debug|Any CPU.ActiveCfg = Debug|Any CPU
		{2B81CD04-307D-5AFC-971A-90C2B4A364E2}.Debug|Any CPU.Build.0 = Debug|Any CPU
		{2B81CD04-307D-5AFC-971A-90C2B4A364E2}.Release|Any CPU.ActiveCfg = Release|Any CPU
		{2B81CD04-307D-5AFC-971A-90C2B4A364E2}.Release|Any CPU.Build.0 = Release|Any CPU
		{E87D3B53-CFF0-1DBB-59AB-38E256F2C455}.Debug|Any CPU.ActiveCfg = Debug|Any CPU
		{E87D3B53-CFF0-1DBB-59AB-38E256F2C455}.Debug|Any CPU.Build.0 = Debug|Any CPU
		{E87D3B53-CFF0-1DBB-59AB-38E256F2C455}.Release|Any CPU.ActiveCfg = Release|Any CPU
		{E87D3B53-CFF0-1DBB-59AB-38E256F2C455}.Release|Any CPU.Build.0 = Release|Any CPU
		{D86A48AF-9789-BFB2-73ED-52792DD64B8A}.Debug|Any CPU.ActiveCfg = Debug|Any CPU
		{D86A48AF-9789-BFB2-73ED-52792DD64B8A}.Debug|Any CPU.Build.0 = Debug|Any CPU
		{D86A48AF-9789-BFB2-73ED-52792DD64B8A}.Release|Any CPU.ActiveCfg = Release|Any CPU
		{D86A48AF-9789-BFB2-73ED-52792DD64B8A}.Release|Any CPU.Build.0 = Release|Any CPU
		{CFA93A78-964C-E3AA-3F40-C18069E4E186}.Debug|Any CPU.ActiveCfg = Debug|Any CPU
		{CFA93A78-964C-E3AA-3F40-C18069E4E186}.Debug|Any CPU.Build.0 = Debug|Any CPU
		{CFA93A78-964C-E3AA-3F40-C18069E4E186}.Release|Any CPU.ActiveCfg = Release|Any CPU
		{CFA93A78-964C-E3AA-3F40-C18069E4E186}.Release|Any CPU.Build.0 = Release|Any CPU
		{2EF4D0E2-50AB-E265-7C2F-D84C9FE17FCC}.Debug|Any CPU.ActiveCfg = Debug|Any CPU
		{2EF4D0E2-50AB-E265-7C2F-D84C9FE17FCC}.Debug|Any CPU.Build.0 = Debug|Any CPU
		{2EF4D0E2-50AB-E265-7C2F-D84C9FE17FCC}.Release|Any CPU.ActiveCfg = Release|Any CPU
		{2EF4D0E2-50AB-E265-7C2F-D84C9FE17FCC}.Release|Any CPU.Build.0 = Release|Any CPU
		{AA23A549-4DBB-A969-1EA9-AEB98C41A0A3}.Debug|Any CPU.ActiveCfg = Debug|Any CPU
		{AA23A549-4DBB-A969-1EA9-AEB98C41A0A3}.Debug|Any CPU.Build.0 = Debug|Any CPU
		{AA23A549-4DBB-A969-1EA9-AEB98C41A0A3}.Release|Any CPU.ActiveCfg = Release|Any CPU
		{AA23A549-4DBB-A969-1EA9-AEB98C41A0A3}.Release|Any CPU.Build.0 = Release|Any CPU
		{F8FA7A0A-088E-50B4-46DD-29F10C10C6C7}.Debug|Any CPU.ActiveCfg = Debug|Any CPU
		{F8FA7A0A-088E-50B4-46DD-29F10C10C6C7}.Debug|Any CPU.Build.0 = Debug|Any CPU
		{F8FA7A0A-088E-50B4-46DD-29F10C10C6C7}.Release|Any CPU.ActiveCfg = Release|Any CPU
		{F8FA7A0A-088E-50B4-46DD-29F10C10C6C7}.Release|Any CPU.Build.0 = Release|Any CPU
		{C4292947-26D2-4C60-3BED-38975BF5F5DD}.Debug|Any CPU.ActiveCfg = Debug|Any CPU
		{C4292947-26D2-4C60-3BED-38975BF5F5DD}.Debug|Any CPU.Build.0 = Debug|Any CPU
		{C4292947-26D2-4C60-3BED-38975BF5F5DD}.Release|Any CPU.ActiveCfg = Release|Any CPU
		{C4292947-26D2-4C60-3BED-38975BF5F5DD}.Release|Any CPU.Build.0 = Release|Any CPU
		{AAA77B1B-0BC9-5382-036A-788E06BB856D}.Debug|Any CPU.ActiveCfg = Debug|Any CPU
		{AAA77B1B-0BC9-5382-036A-788E06BB856D}.Debug|Any CPU.Build.0 = Debug|Any CPU
		{AAA77B1B-0BC9-5382-036A-788E06BB856D}.Release|Any CPU.ActiveCfg = Release|Any CPU
		{AAA77B1B-0BC9-5382-036A-788E06BB856D}.Release|Any CPU.Build.0 = Release|Any CPU
		{D15BF6E9-BC1E-F8BB-6033-FE09A6D91A41}.Debug|Any CPU.ActiveCfg = Debug|Any CPU
		{D15BF6E9-BC1E-F8BB-6033-FE09A6D91A41}.Debug|Any CPU.Build.0 = Debug|Any CPU
		{D15BF6E9-BC1E-F8BB-6033-FE09A6D91A41}.Release|Any CPU.ActiveCfg = Release|Any CPU
		{D15BF6E9-BC1E-F8BB-6033-FE09A6D91A41}.Release|Any CPU.Build.0 = Release|Any CPU
		{3B72BBAF-19F0-4A0F-6540-929F4783FA11}.Debug|Any CPU.ActiveCfg = Debug|Any CPU
		{3B72BBAF-19F0-4A0F-6540-929F4783FA11}.Debug|Any CPU.Build.0 = Debug|Any CPU
		{3B72BBAF-19F0-4A0F-6540-929F4783FA11}.Release|Any CPU.ActiveCfg = Release|Any CPU
		{3B72BBAF-19F0-4A0F-6540-929F4783FA11}.Release|Any CPU.Build.0 = Release|Any CPU
		{DCDA8439-5FCD-29BF-0FD5-94304DD9AF7A}.Debug|Any CPU.ActiveCfg = Debug|Any CPU
		{DCDA8439-5FCD-29BF-0FD5-94304DD9AF7A}.Debug|Any CPU.Build.0 = Debug|Any CPU
		{DCDA8439-5FCD-29BF-0FD5-94304DD9AF7A}.Release|Any CPU.ActiveCfg = Release|Any CPU
		{DCDA8439-5FCD-29BF-0FD5-94304DD9AF7A}.Release|Any CPU.Build.0 = Release|Any CPU
		{CF96A41E-44E8-D600-3DD5-13AA2E9EF703}.Debug|Any CPU.ActiveCfg = Debug|Any CPU
		{CF96A41E-44E8-D600-3DD5-13AA2E9EF703}.Debug|Any CPU.Build.0 = Debug|Any CPU
		{CF96A41E-44E8-D600-3DD5-13AA2E9EF703}.Release|Any CPU.ActiveCfg = Release|Any CPU
		{CF96A41E-44E8-D600-3DD5-13AA2E9EF703}.Release|Any CPU.Build.0 = Release|Any CPU
		{B72B13C7-B886-B2B7-B219-FF940F7D5D59}.Debug|Any CPU.ActiveCfg = Debug|Any CPU
		{B72B13C7-B886-B2B7-B219-FF940F7D5D59}.Debug|Any CPU.Build.0 = Debug|Any CPU
		{B72B13C7-B886-B2B7-B219-FF940F7D5D59}.Release|Any CPU.ActiveCfg = Release|Any CPU
		{B72B13C7-B886-B2B7-B219-FF940F7D5D59}.Release|Any CPU.Build.0 = Release|Any CPU
		{13D4D835-4651-0F0C-983B-83B1E577E9B2}.Debug|Any CPU.ActiveCfg = Debug|Any CPU
		{13D4D835-4651-0F0C-983B-83B1E577E9B2}.Debug|Any CPU.Build.0 = Debug|Any CPU
		{13D4D835-4651-0F0C-983B-83B1E577E9B2}.Release|Any CPU.ActiveCfg = Release|Any CPU
		{13D4D835-4651-0F0C-983B-83B1E577E9B2}.Release|Any CPU.Build.0 = Release|Any CPU
		{21E4325B-66B2-90D4-1D5B-7BD66FBE57C1}.Debug|Any CPU.ActiveCfg = Debug|Any CPU
		{21E4325B-66B2-90D4-1D5B-7BD66FBE57C1}.Debug|Any CPU.Build.0 = Debug|Any CPU
		{21E4325B-66B2-90D4-1D5B-7BD66FBE57C1}.Release|Any CPU.ActiveCfg = Release|Any CPU
		{21E4325B-66B2-90D4-1D5B-7BD66FBE57C1}.Release|Any CPU.Build.0 = Release|Any CPU
		{F329C745-74F3-E490-006E-0CBBA7EF5D09}.Debug|Any CPU.ActiveCfg = Debug|Any CPU
		{F329C745-74F3-E490-006E-0CBBA7EF5D09}.Debug|Any CPU.Build.0 = Debug|Any CPU
		{F329C745-74F3-E490-006E-0CBBA7EF5D09}.Release|Any CPU.ActiveCfg = Release|Any CPU
		{F329C745-74F3-E490-006E-0CBBA7EF5D09}.Release|Any CPU.Build.0 = Release|Any CPU
		{55BBCBD5-D533-B39F-AE82-2394B384FF75}.Debug|Any CPU.ActiveCfg = Debug|Any CPU
		{55BBCBD5-D533-B39F-AE82-2394B384FF75}.Debug|Any CPU.Build.0 = Debug|Any CPU
		{55BBCBD5-D533-B39F-AE82-2394B384FF75}.Release|Any CPU.ActiveCfg = Release|Any CPU
		{55BBCBD5-D533-B39F-AE82-2394B384FF75}.Release|Any CPU.Build.0 = Release|Any CPU
		{E16B1E1F-5468-4B56-AB1A-ECFCA15F3F04}.Debug|Any CPU.ActiveCfg = Debug|Any CPU
		{E16B1E1F-5468-4B56-AB1A-ECFCA15F3F04}.Debug|Any CPU.Build.0 = Debug|Any CPU
		{E16B1E1F-5468-4B56-AB1A-ECFCA15F3F04}.Release|Any CPU.ActiveCfg = Release|Any CPU
		{E16B1E1F-5468-4B56-AB1A-ECFCA15F3F04}.Release|Any CPU.Build.0 = Release|Any CPU
		{100C21F3-CF25-EB5E-8E8A-A5C4DFB493AF}.Debug|Any CPU.ActiveCfg = Debug|Any CPU
		{100C21F3-CF25-EB5E-8E8A-A5C4DFB493AF}.Debug|Any CPU.Build.0 = Debug|Any CPU
		{100C21F3-CF25-EB5E-8E8A-A5C4DFB493AF}.Release|Any CPU.ActiveCfg = Release|Any CPU
		{100C21F3-CF25-EB5E-8E8A-A5C4DFB493AF}.Release|Any CPU.Build.0 = Release|Any CPU
		{624EF1F9-E4CE-A030-8710-08B23429B77C}.Debug|Any CPU.ActiveCfg = Debug|Any CPU
		{624EF1F9-E4CE-A030-8710-08B23429B77C}.Debug|Any CPU.Build.0 = Debug|Any CPU
		{624EF1F9-E4CE-A030-8710-08B23429B77C}.Release|Any CPU.ActiveCfg = Release|Any CPU
		{624EF1F9-E4CE-A030-8710-08B23429B77C}.Release|Any CPU.Build.0 = Release|Any CPU
		{42EB283A-0C85-6A96-93F7-995BCDA9D8C1}.Debug|Any CPU.ActiveCfg = Debug|Any CPU
		{42EB283A-0C85-6A96-93F7-995BCDA9D8C1}.Debug|Any CPU.Build.0 = Debug|Any CPU
		{42EB283A-0C85-6A96-93F7-995BCDA9D8C1}.Release|Any CPU.ActiveCfg = Release|Any CPU
		{42EB283A-0C85-6A96-93F7-995BCDA9D8C1}.Release|Any CPU.Build.0 = Release|Any CPU
		{38E7AB35-AD11-CFA8-0DD3-1EEF253912BD}.Debug|Any CPU.ActiveCfg = Debug|Any CPU
		{38E7AB35-AD11-CFA8-0DD3-1EEF253912BD}.Debug|Any CPU.Build.0 = Debug|Any CPU
		{38E7AB35-AD11-CFA8-0DD3-1EEF253912BD}.Release|Any CPU.ActiveCfg = Release|Any CPU
		{38E7AB35-AD11-CFA8-0DD3-1EEF253912BD}.Release|Any CPU.Build.0 = Release|Any CPU
		{8DB31B71-4C3E-FAC3-C1A4-750B7B9D7993}.Debug|Any CPU.ActiveCfg = Debug|Any CPU
		{8DB31B71-4C3E-FAC3-C1A4-750B7B9D7993}.Debug|Any CPU.Build.0 = Debug|Any CPU
		{8DB31B71-4C3E-FAC3-C1A4-750B7B9D7993}.Release|Any CPU.ActiveCfg = Release|Any CPU
		{8DB31B71-4C3E-FAC3-C1A4-750B7B9D7993}.Release|Any CPU.Build.0 = Release|Any CPU
		{5751FCA2-E641-2406-2EF7-ECCBCF0511F0}.Debug|Any CPU.ActiveCfg = Debug|Any CPU
		{5751FCA2-E641-2406-2EF7-ECCBCF0511F0}.Debug|Any CPU.Build.0 = Debug|Any CPU
		{5751FCA2-E641-2406-2EF7-ECCBCF0511F0}.Release|Any CPU.ActiveCfg = Release|Any CPU
		{5751FCA2-E641-2406-2EF7-ECCBCF0511F0}.Release|Any CPU.Build.0 = Release|Any CPU
		{EF09C282-1870-255F-39C7-73AAB155553B}.Debug|Any CPU.ActiveCfg = Debug|Any CPU
		{EF09C282-1870-255F-39C7-73AAB155553B}.Debug|Any CPU.Build.0 = Debug|Any CPU
		{EF09C282-1870-255F-39C7-73AAB155553B}.Release|Any CPU.ActiveCfg = Release|Any CPU
		{EF09C282-1870-255F-39C7-73AAB155553B}.Release|Any CPU.Build.0 = Release|Any CPU
		{7F3A387F-48AC-B64E-7FAA-8640C7BA53EA}.Debug|Any CPU.ActiveCfg = Debug|Any CPU
		{7F3A387F-48AC-B64E-7FAA-8640C7BA53EA}.Debug|Any CPU.Build.0 = Debug|Any CPU
		{7F3A387F-48AC-B64E-7FAA-8640C7BA53EA}.Release|Any CPU.ActiveCfg = Release|Any CPU
		{7F3A387F-48AC-B64E-7FAA-8640C7BA53EA}.Release|Any CPU.Build.0 = Release|Any CPU
		{545772D7-5BBB-F20B-40D3-666D0B196089}.Debug|Any CPU.ActiveCfg = Debug|Any CPU
		{545772D7-5BBB-F20B-40D3-666D0B196089}.Debug|Any CPU.Build.0 = Debug|Any CPU
		{545772D7-5BBB-F20B-40D3-666D0B196089}.Release|Any CPU.ActiveCfg = Release|Any CPU
		{545772D7-5BBB-F20B-40D3-666D0B196089}.Release|Any CPU.Build.0 = Release|Any CPU
		{51AE95D8-3BD7-910D-09E2-750F677F0736}.Debug|Any CPU.ActiveCfg = Debug|Any CPU
		{51AE95D8-3BD7-910D-09E2-750F677F0736}.Debug|Any CPU.Build.0 = Debug|Any CPU
		{51AE95D8-3BD7-910D-09E2-750F677F0736}.Release|Any CPU.ActiveCfg = Release|Any CPU
		{51AE95D8-3BD7-910D-09E2-750F677F0736}.Release|Any CPU.Build.0 = Release|Any CPU
		{D5806F75-8776-8AA3-225B-312DC85C9EB6}.Debug|Any CPU.ActiveCfg = Debug|Any CPU
		{D5806F75-8776-8AA3-225B-312DC85C9EB6}.Debug|Any CPU.Build.0 = Debug|Any CPU
		{D5806F75-8776-8AA3-225B-312DC85C9EB6}.Release|Any CPU.ActiveCfg = Release|Any CPU
		{D5806F75-8776-8AA3-225B-312DC85C9EB6}.Release|Any CPU.Build.0 = Release|Any CPU
		{BEE1CFA7-B6E7-373D-D56B-9D08CDEE13F1}.Debug|Any CPU.ActiveCfg = Debug|Any CPU
		{BEE1CFA7-B6E7-373D-D56B-9D08CDEE13F1}.Debug|Any CPU.Build.0 = Debug|Any CPU
		{BEE1CFA7-B6E7-373D-D56B-9D08CDEE13F1}.Release|Any CPU.ActiveCfg = Release|Any CPU
		{BEE1CFA7-B6E7-373D-D56B-9D08CDEE13F1}.Release|Any CPU.Build.0 = Release|Any CPU
		{E96F235B-7BCA-BF06-8296-CD1F0AAED671}.Debug|Any CPU.ActiveCfg = Debug|Any CPU
		{E96F235B-7BCA-BF06-8296-CD1F0AAED671}.Debug|Any CPU.Build.0 = Debug|Any CPU
		{E96F235B-7BCA-BF06-8296-CD1F0AAED671}.Release|Any CPU.ActiveCfg = Release|Any CPU
		{E96F235B-7BCA-BF06-8296-CD1F0AAED671}.Release|Any CPU.Build.0 = Release|Any CPU
		{ED5C0E9F-621F-A438-EB7C-EACCD6DA8977}.Debug|Any CPU.ActiveCfg = Debug|Any CPU
		{ED5C0E9F-621F-A438-EB7C-EACCD6DA8977}.Debug|Any CPU.Build.0 = Debug|Any CPU
		{ED5C0E9F-621F-A438-EB7C-EACCD6DA8977}.Release|Any CPU.ActiveCfg = Release|Any CPU
		{ED5C0E9F-621F-A438-EB7C-EACCD6DA8977}.Release|Any CPU.Build.0 = Release|Any CPU
		{EFB11E54-1482-E32F-47F9-CCF0ED3BBCDF}.Debug|Any CPU.ActiveCfg = Debug|Any CPU
		{EFB11E54-1482-E32F-47F9-CCF0ED3BBCDF}.Debug|Any CPU.Build.0 = Debug|Any CPU
		{EFB11E54-1482-E32F-47F9-CCF0ED3BBCDF}.Release|Any CPU.ActiveCfg = Release|Any CPU
		{EFB11E54-1482-E32F-47F9-CCF0ED3BBCDF}.Release|Any CPU.Build.0 = Release|Any CPU
		{2143AA67-961A-F2A5-3FF2-C99D2ACCA741}.Debug|Any CPU.ActiveCfg = Debug|Any CPU
		{2143AA67-961A-F2A5-3FF2-C99D2ACCA741}.Debug|Any CPU.Build.0 = Debug|Any CPU
		{2143AA67-961A-F2A5-3FF2-C99D2ACCA741}.Release|Any CPU.ActiveCfg = Release|Any CPU
		{2143AA67-961A-F2A5-3FF2-C99D2ACCA741}.Release|Any CPU.Build.0 = Release|Any CPU
		{2BAC7677-B276-07A0-E6C7-CD6F5675BF4C}.Debug|Any CPU.ActiveCfg = Debug|Any CPU
		{2BAC7677-B276-07A0-E6C7-CD6F5675BF4C}.Debug|Any CPU.Build.0 = Debug|Any CPU
		{2BAC7677-B276-07A0-E6C7-CD6F5675BF4C}.Release|Any CPU.ActiveCfg = Release|Any CPU
		{2BAC7677-B276-07A0-E6C7-CD6F5675BF4C}.Release|Any CPU.Build.0 = Release|Any CPU
		{E062418F-D490-28E0-BD42-F2ECCED6CB59}.Debug|Any CPU.ActiveCfg = Debug|Any CPU
		{E062418F-D490-28E0-BD42-F2ECCED6CB59}.Debug|Any CPU.Build.0 = Debug|Any CPU
		{E062418F-D490-28E0-BD42-F2ECCED6CB59}.Release|Any CPU.ActiveCfg = Release|Any CPU
		{E062418F-D490-28E0-BD42-F2ECCED6CB59}.Release|Any CPU.Build.0 = Release|Any CPU
		{37EBD686-B5F8-5A9F-06F8-2FE6DAD38374}.Debug|Any CPU.ActiveCfg = Debug|Any CPU
		{37EBD686-B5F8-5A9F-06F8-2FE6DAD38374}.Debug|Any CPU.Build.0 = Debug|Any CPU
		{37EBD686-B5F8-5A9F-06F8-2FE6DAD38374}.Release|Any CPU.ActiveCfg = Release|Any CPU
		{37EBD686-B5F8-5A9F-06F8-2FE6DAD38374}.Release|Any CPU.Build.0 = Release|Any CPU
		{E8273CB0-B9D1-7D52-B170-1379576968C5}.Debug|Any CPU.ActiveCfg = Debug|Any CPU
		{E8273CB0-B9D1-7D52-B170-1379576968C5}.Debug|Any CPU.Build.0 = Debug|Any CPU
		{E8273CB0-B9D1-7D52-B170-1379576968C5}.Release|Any CPU.ActiveCfg = Release|Any CPU
		{E8273CB0-B9D1-7D52-B170-1379576968C5}.Release|Any CPU.Build.0 = Release|Any CPU
		{F0BB7EE6-5EA5-D416-1514-1A2B0F0B7B94}.Debug|Any CPU.ActiveCfg = Debug|Any CPU
		{F0BB7EE6-5EA5-D416-1514-1A2B0F0B7B94}.Debug|Any CPU.Build.0 = Debug|Any CPU
		{F0BB7EE6-5EA5-D416-1514-1A2B0F0B7B94}.Release|Any CPU.ActiveCfg = Release|Any CPU
		{F0BB7EE6-5EA5-D416-1514-1A2B0F0B7B94}.Release|Any CPU.Build.0 = Release|Any CPU
		{873777AC-DF05-39B9-EE5C-F795F0346A11}.Debug|Any CPU.ActiveCfg = Debug|Any CPU
		{873777AC-DF05-39B9-EE5C-F795F0346A11}.Debug|Any CPU.Build.0 = Debug|Any CPU
		{873777AC-DF05-39B9-EE5C-F795F0346A11}.Release|Any CPU.ActiveCfg = Release|Any CPU
		{873777AC-DF05-39B9-EE5C-F795F0346A11}.Release|Any CPU.Build.0 = Release|Any CPU
		{B7679146-DCDE-9CBB-6019-6167B2454E7E}.Debug|Any CPU.ActiveCfg = Debug|Any CPU
		{B7679146-DCDE-9CBB-6019-6167B2454E7E}.Debug|Any CPU.Build.0 = Debug|Any CPU
		{B7679146-DCDE-9CBB-6019-6167B2454E7E}.Release|Any CPU.ActiveCfg = Release|Any CPU
		{B7679146-DCDE-9CBB-6019-6167B2454E7E}.Release|Any CPU.Build.0 = Release|Any CPU
		{2219FC90-DED8-B654-0408-490C81528F67}.Debug|Any CPU.ActiveCfg = Debug|Any CPU
		{2219FC90-DED8-B654-0408-490C81528F67}.Debug|Any CPU.Build.0 = Debug|Any CPU
		{2219FC90-DED8-B654-0408-490C81528F67}.Release|Any CPU.ActiveCfg = Release|Any CPU
		{2219FC90-DED8-B654-0408-490C81528F67}.Release|Any CPU.Build.0 = Release|Any CPU
		{3E971F28-7FAC-249B-EF0D-C860AD865140}.Debug|Any CPU.ActiveCfg = Debug|Any CPU
		{3E971F28-7FAC-249B-EF0D-C860AD865140}.Debug|Any CPU.Build.0 = Debug|Any CPU
		{3E971F28-7FAC-249B-EF0D-C860AD865140}.Release|Any CPU.ActiveCfg = Release|Any CPU
		{3E971F28-7FAC-249B-EF0D-C860AD865140}.Release|Any CPU.Build.0 = Release|Any CPU
		{E2452BF4-1710-D9B6-8A64-445E4F76D865}.Debug|Any CPU.ActiveCfg = Debug|Any CPU
		{E2452BF4-1710-D9B6-8A64-445E4F76D865}.Debug|Any CPU.Build.0 = Debug|Any CPU
		{E2452BF4-1710-D9B6-8A64-445E4F76D865}.Release|Any CPU.ActiveCfg = Release|Any CPU
		{E2452BF4-1710-D9B6-8A64-445E4F76D865}.Release|Any CPU.Build.0 = Release|Any CPU
		{65D9E091-4730-BB44-FD99-AAFB4F3615EE}.Debug|Any CPU.ActiveCfg = Debug|Any CPU
		{65D9E091-4730-BB44-FD99-AAFB4F3615EE}.Debug|Any CPU.Build.0 = Debug|Any CPU
		{65D9E091-4730-BB44-FD99-AAFB4F3615EE}.Release|Any CPU.ActiveCfg = Release|Any CPU
		{65D9E091-4730-BB44-FD99-AAFB4F3615EE}.Release|Any CPU.Build.0 = Release|Any CPU
		{1C414B4B-E4FD-74CD-3AA7-6751270430A0}.Debug|Any CPU.ActiveCfg = Debug|Any CPU
		{1C414B4B-E4FD-74CD-3AA7-6751270430A0}.Debug|Any CPU.Build.0 = Debug|Any CPU
		{1C414B4B-E4FD-74CD-3AA7-6751270430A0}.Release|Any CPU.ActiveCfg = Release|Any CPU
		{1C414B4B-E4FD-74CD-3AA7-6751270430A0}.Release|Any CPU.Build.0 = Release|Any CPU
		{C57947DB-2F6F-1585-7B6D-C82BBA19DD08}.Debug|Any CPU.ActiveCfg = Debug|Any CPU
		{C57947DB-2F6F-1585-7B6D-C82BBA19DD08}.Debug|Any CPU.Build.0 = Debug|Any CPU
		{C57947DB-2F6F-1585-7B6D-C82BBA19DD08}.Release|Any CPU.ActiveCfg = Release|Any CPU
		{C57947DB-2F6F-1585-7B6D-C82BBA19DD08}.Release|Any CPU.Build.0 = Release|Any CPU
		{E560E6CC-0E67-5677-03E5-13C290790364}.Debug|Any CPU.ActiveCfg = Debug|Any CPU
		{E560E6CC-0E67-5677-03E5-13C290790364}.Debug|Any CPU.Build.0 = Debug|Any CPU
		{E560E6CC-0E67-5677-03E5-13C290790364}.Release|Any CPU.ActiveCfg = Release|Any CPU
		{E560E6CC-0E67-5677-03E5-13C290790364}.Release|Any CPU.Build.0 = Release|Any CPU
		{D0C014AB-5BA2-5D19-B0F4-D4E9E7AADB50}.Debug|Any CPU.ActiveCfg = Debug|Any CPU
		{D0C014AB-5BA2-5D19-B0F4-D4E9E7AADB50}.Debug|Any CPU.Build.0 = Debug|Any CPU
		{D0C014AB-5BA2-5D19-B0F4-D4E9E7AADB50}.Release|Any CPU.ActiveCfg = Release|Any CPU
		{D0C014AB-5BA2-5D19-B0F4-D4E9E7AADB50}.Release|Any CPU.Build.0 = Release|Any CPU
		{51ABD246-972D-DFA7-D2C5-B6D4F65CAB89}.Debug|Any CPU.ActiveCfg = Debug|Any CPU
		{51ABD246-972D-DFA7-D2C5-B6D4F65CAB89}.Debug|Any CPU.Build.0 = Debug|Any CPU
		{51ABD246-972D-DFA7-D2C5-B6D4F65CAB89}.Release|Any CPU.ActiveCfg = Release|Any CPU
		{51ABD246-972D-DFA7-D2C5-B6D4F65CAB89}.Release|Any CPU.Build.0 = Release|Any CPU
		{3545AEE2-446A-29A8-294B-F11112DD2E4A}.Debug|Any CPU.ActiveCfg = Debug|Any CPU
		{3545AEE2-446A-29A8-294B-F11112DD2E4A}.Debug|Any CPU.Build.0 = Debug|Any CPU
		{3545AEE2-446A-29A8-294B-F11112DD2E4A}.Release|Any CPU.ActiveCfg = Release|Any CPU
		{3545AEE2-446A-29A8-294B-F11112DD2E4A}.Release|Any CPU.Build.0 = Release|Any CPU
		{7CAF0EF2-74B5-9D3D-3ACC-C66B8C236081}.Debug|Any CPU.ActiveCfg = Debug|Any CPU
		{7CAF0EF2-74B5-9D3D-3ACC-C66B8C236081}.Debug|Any CPU.Build.0 = Debug|Any CPU
		{7CAF0EF2-74B5-9D3D-3ACC-C66B8C236081}.Release|Any CPU.ActiveCfg = Release|Any CPU
		{7CAF0EF2-74B5-9D3D-3ACC-C66B8C236081}.Release|Any CPU.Build.0 = Release|Any CPU
		{37CF7F3E-B80E-542C-4029-371FAD83F245}.Debug|Any CPU.ActiveCfg = Debug|Any CPU
		{37CF7F3E-B80E-542C-4029-371FAD83F245}.Debug|Any CPU.Build.0 = Debug|Any CPU
		{37CF7F3E-B80E-542C-4029-371FAD83F245}.Release|Any CPU.ActiveCfg = Release|Any CPU
		{37CF7F3E-B80E-542C-4029-371FAD83F245}.Release|Any CPU.Build.0 = Release|Any CPU
		{9F5D777C-82BF-5F6D-1262-072EC6559373}.Debug|Any CPU.ActiveCfg = Debug|Any CPU
		{9F5D777C-82BF-5F6D-1262-072EC6559373}.Debug|Any CPU.Build.0 = Debug|Any CPU
		{9F5D777C-82BF-5F6D-1262-072EC6559373}.Release|Any CPU.ActiveCfg = Release|Any CPU
		{9F5D777C-82BF-5F6D-1262-072EC6559373}.Release|Any CPU.Build.0 = Release|Any CPU
		{AF9E657C-1B46-0A28-BA1D-E5954272DEC8}.Debug|Any CPU.ActiveCfg = Debug|Any CPU
		{AF9E657C-1B46-0A28-BA1D-E5954272DEC8}.Debug|Any CPU.Build.0 = Debug|Any CPU
		{AF9E657C-1B46-0A28-BA1D-E5954272DEC8}.Release|Any CPU.ActiveCfg = Release|Any CPU
		{AF9E657C-1B46-0A28-BA1D-E5954272DEC8}.Release|Any CPU.Build.0 = Release|Any CPU
		{2CA89660-C81B-789B-FD79-58526A9AB0ED}.Debug|Any CPU.ActiveCfg = Debug|Any CPU
		{2CA89660-C81B-789B-FD79-58526A9AB0ED}.Debug|Any CPU.Build.0 = Debug|Any CPU
		{2CA89660-C81B-789B-FD79-58526A9AB0ED}.Release|Any CPU.ActiveCfg = Release|Any CPU
		{2CA89660-C81B-789B-FD79-58526A9AB0ED}.Release|Any CPU.Build.0 = Release|Any CPU
		{49706D8A-EC4C-D25F-CFF0-FB90CCB55CDF}.Debug|Any CPU.ActiveCfg = Debug|Any CPU
		{49706D8A-EC4C-D25F-CFF0-FB90CCB55CDF}.Debug|Any CPU.Build.0 = Debug|Any CPU
		{49706D8A-EC4C-D25F-CFF0-FB90CCB55CDF}.Release|Any CPU.ActiveCfg = Release|Any CPU
		{49706D8A-EC4C-D25F-CFF0-FB90CCB55CDF}.Release|Any CPU.Build.0 = Release|Any CPU
		{2D3CEEBE-00F5-7B72-95F2-8F1F47BC6243}.Debug|Any CPU.ActiveCfg = Debug|Any CPU
		{2D3CEEBE-00F5-7B72-95F2-8F1F47BC6243}.Debug|Any CPU.Build.0 = Debug|Any CPU
		{2D3CEEBE-00F5-7B72-95F2-8F1F47BC6243}.Release|Any CPU.ActiveCfg = Release|Any CPU
		{2D3CEEBE-00F5-7B72-95F2-8F1F47BC6243}.Release|Any CPU.Build.0 = Release|Any CPU
		{7FD17376-14EB-91F7-4600-BD3D87FBAE0B}.Debug|Any CPU.ActiveCfg = Debug|Any CPU
		{7FD17376-14EB-91F7-4600-BD3D87FBAE0B}.Debug|Any CPU.Build.0 = Debug|Any CPU
		{7FD17376-14EB-91F7-4600-BD3D87FBAE0B}.Release|Any CPU.ActiveCfg = Release|Any CPU
		{7FD17376-14EB-91F7-4600-BD3D87FBAE0B}.Release|Any CPU.Build.0 = Release|Any CPU
	EndGlobalSection
	GlobalSection(SolutionProperties) = preSolution
		HideSolutionNode = FALSE
	EndGlobalSection
EndGlobal
